{
  "lockfile-version": 1,
  "manifest": {
    "version": 1,
    "install": {
      "cloud-provider-kind": {
        "pkg-path": "cloud-provider-kind"
      },
      "docker": {
        "pkg-path": "docker"
      },
      "go": {
        "pkg-path": "go",
        "version": "1.25.5"
      },
      "gum": {
        "pkg-path": "gum"
      },
      "k9s": {
        "pkg-path": "k9s"
      },
      "kind": {
        "pkg-path": "kind"
      },
      "kubebuilder": {
        "pkg-path": "kubebuilder"
      },
      "kubectl": {
        "pkg-path": "kubectl"
      },
      "kubectx": {
        "pkg-path": "kubectx"
      },
      "kubefwd": {
        "pkg-path": "kubefwd"
      },
      "kubernetes-helm": {
        "pkg-path": "kubernetes-helm"
      }
    },
    "vars": {
      "GOCACHE": "$HOME/.cache/go-build",
      "GOMODCACHE": "$HOME/go/pkg/mod",
      "GOPATH": "$HOME/go",
      "INTRO_MESSAGE": "Accesserator environment activated"
    },
    "hook": {},
    "profile": {
      "common": "gum style \\\n    --foreground 212 --border-foreground 212 --border double \\\n    --align center --width 50 --margin \"1 2\" --padding \"2 4\" \\\n    $INTRO_MESSAGE\n# "
    },
    "options": {}
  },
  "packages": [
    {
      "attr_path": "cloud-provider-kind",
      "broken": false,
      "derivation": "/nix/store/2pdi0hx8if6nbxi5dkhqy2dwkw1yrgp2-cloud-provider-kind-0.6.0.drv",
      "description": "Load Balancer implementation for Kubernetes-in-Docker",
      "install_id": "cloud-provider-kind",
      "license": "Apache-2.0",
      "locked_url": "https://github.com/flox/nixpkgs?rev=ffbc9f8cbaacfb331b6017d5a5abb21a492c9a38",
      "name": "cloud-provider-kind-0.6.0",
      "pname": "cloud-provider-kind",
      "rev": "ffbc9f8cbaacfb331b6017d5a5abb21a492c9a38",
      "rev_count": 925861,
      "rev_date": "2026-01-11T10:35:08Z",
      "scrape_date": "2026-01-12T02:57:04.747189Z",
      "stabilities": [
        "unstable"
      ],
      "unfree": false,
      "version": "0.6.0",
      "outputs_to_install": [
        "out"
      ],
      "outputs": {
        "out": "/nix/store/qxryx4nzdxqlpqz2n5fb0zxvq6ymfihn-cloud-provider-kind-0.6.0"
      },
      "system": "aarch64-darwin",
      "group": "toplevel",
      "priority": 5
    },
    {
      "attr_path": "cloud-provider-kind",
      "broken": false,
      "derivation": "/nix/store/fz2r0y05095pck1nvp68ich2b7bdbvmr-cloud-provider-kind-0.6.0.drv",
      "description": "Load Balancer implementation for Kubernetes-in-Docker",
      "install_id": "cloud-provider-kind",
      "license": "Apache-2.0",
      "locked_url": "https://github.com/flox/nixpkgs?rev=ffbc9f8cbaacfb331b6017d5a5abb21a492c9a38",
      "name": "cloud-provider-kind-0.6.0",
      "pname": "cloud-provider-kind",
      "rev": "ffbc9f8cbaacfb331b6017d5a5abb21a492c9a38",
      "rev_count": 925861,
      "rev_date": "2026-01-11T10:35:08Z",
      "scrape_date": "2026-01-12T03:13:07.396238Z",
      "stabilities": [
        "unstable"
      ],
      "unfree": false,
      "version": "0.6.0",
      "outputs_to_install": [
        "out"
      ],
      "outputs": {
        "out": "/nix/store/pdsv5jr1n2p8s473shxrckzmffz0qlhq-cloud-provider-kind-0.6.0"
      },
      "system": "aarch64-linux",
      "group": "toplevel",
      "priority": 5
    },
    {
      "attr_path": "cloud-provider-kind",
      "broken": false,
      "derivation": "/nix/store/waq8ng2wj23s3glj7c7a5wi6svzm58y3-cloud-provider-kind-0.6.0.drv",
      "description": "Load Balancer implementation for Kubernetes-in-Docker",
      "install_id": "cloud-provider-kind",
      "license": "Apache-2.0",
      "locked_url": "https://github.com/flox/nixpkgs?rev=ffbc9f8cbaacfb331b6017d5a5abb21a492c9a38",
      "name": "cloud-provider-kind-0.6.0",
      "pname": "cloud-provider-kind",
      "rev": "ffbc9f8cbaacfb331b6017d5a5abb21a492c9a38",
      "rev_count": 925861,
      "rev_date": "2026-01-11T10:35:08Z",
      "scrape_date": "2026-01-12T03:23:40.468264Z",
      "stabilities": [
        "unstable"
      ],
      "unfree": false,
      "version": "0.6.0",
      "outputs_to_install": [
        "out"
      ],
      "outputs": {
        "out": "/nix/store/hidx9bmxyxmm8226imz4z2yf3wqhfip7-cloud-provider-kind-0.6.0"
      },
      "system": "x86_64-darwin",
      "group": "toplevel",
      "priority": 5
    },
    {
      "attr_path": "cloud-provider-kind",
      "broken": false,
      "derivation": "/nix/store/m227bzdzs1w2rlwa2kg2w2wakgqm16a9-cloud-provider-kind-0.6.0.drv",
      "description": "Load Balancer implementation for Kubernetes-in-Docker",
      "install_id": "cloud-provider-kind",
      "license": "Apache-2.0",
      "locked_url": "https://github.com/flox/nixpkgs?rev=ffbc9f8cbaacfb331b6017d5a5abb21a492c9a38",
      "name": "cloud-provider-kind-0.6.0",
      "pname": "cloud-provider-kind",
      "rev": "ffbc9f8cbaacfb331b6017d5a5abb21a492c9a38",
      "rev_count": 925861,
      "rev_date": "2026-01-11T10:35:08Z",
      "scrape_date": "2026-01-12T03:33:34.722912Z",
      "stabilities": [
        "unstable"
      ],
      "unfree": false,
      "version": "0.6.0",
      "outputs_to_install": [
        "out"
      ],
      "outputs": {
        "out": "/nix/store/g23gsnzw5xiyyrsi2120prz97x7pf7f1-cloud-provider-kind-0.6.0"
      },
      "system": "x86_64-linux",
      "group": "toplevel",
      "priority": 5
    },
    {
      "attr_path": "docker",
      "broken": false,
      "derivation": "/nix/store/hxwjcsdd4wjqk44xdk9y8n97jy3qz458-docker-29.1.3.drv",
      "description": "Open source project to pack, ship and run any application as a lightweight container",
      "install_id": "docker",
      "license": "Apache-2.0",
      "locked_url": "https://github.com/flox/nixpkgs?rev=ffbc9f8cbaacfb331b6017d5a5abb21a492c9a38",
      "name": "docker-29.1.3",
      "pname": "docker",
      "rev": "ffbc9f8cbaacfb331b6017d5a5abb21a492c9a38",
      "rev_count": 925861,
      "rev_date": "2026-01-11T10:35:08Z",
      "scrape_date": "2026-01-12T02:57:05.009931Z",
      "stabilities": [
        "unstable"
      ],
      "unfree": false,
      "version": "29.1.3",
      "outputs_to_install": [
        "out"
      ],
      "outputs": {
        "out": "/nix/store/yna4ifgq7bk4jjq32fjrps5hmq5ky8hn-docker-29.1.3"
      },
      "system": "aarch64-darwin",
      "group": "toplevel",
      "priority": 5
    },
    {
      "attr_path": "docker",
      "broken": false,
      "derivation": "/nix/store/ss1ibh2s5q23gq4mz4ijy529hm5r24hk-docker-29.1.3.drv",
      "description": "Open source project to pack, ship and run any application as a lightweight container",
      "install_id": "docker",
      "license": "Apache-2.0",
      "locked_url": "https://github.com/flox/nixpkgs?rev=ffbc9f8cbaacfb331b6017d5a5abb21a492c9a38",
      "name": "docker-29.1.3",
      "pname": "docker",
      "rev": "ffbc9f8cbaacfb331b6017d5a5abb21a492c9a38",
      "rev_count": 925861,
      "rev_date": "2026-01-11T10:35:08Z",
      "scrape_date": "2026-01-12T03:13:07.768652Z",
      "stabilities": [
        "unstable"
      ],
      "unfree": false,
      "version": "29.1.3",
      "outputs_to_install": [
        "out"
      ],
      "outputs": {
        "out": "/nix/store/blcaschiknn8v19fwpfk71kygbphw5r5-docker-29.1.3"
      },
      "system": "aarch64-linux",
      "group": "toplevel",
      "priority": 5
    },
    {
      "attr_path": "docker",
      "broken": false,
      "derivation": "/nix/store/jai7cbms29drfaxizzlnv95240vqi8ky-docker-29.1.3.drv",
      "description": "Open source project to pack, ship and run any application as a lightweight container",
      "install_id": "docker",
      "license": "Apache-2.0",
      "locked_url": "https://github.com/flox/nixpkgs?rev=ffbc9f8cbaacfb331b6017d5a5abb21a492c9a38",
      "name": "docker-29.1.3",
      "pname": "docker",
      "rev": "ffbc9f8cbaacfb331b6017d5a5abb21a492c9a38",
      "rev_count": 925861,
      "rev_date": "2026-01-11T10:35:08Z",
      "scrape_date": "2026-01-12T03:23:40.726226Z",
      "stabilities": [
        "unstable"
      ],
      "unfree": false,
      "version": "29.1.3",
      "outputs_to_install": [
        "out"
      ],
      "outputs": {
        "out": "/nix/store/l08zl9qx1qap7ivm1i3l487zrrvirg0f-docker-29.1.3"
      },
      "system": "x86_64-darwin",
      "group": "toplevel",
      "priority": 5
    },
    {
      "attr_path": "docker",
      "broken": false,
      "derivation": "/nix/store/fmr5bp9sdazvj8d37ric26na2r67xzv7-docker-29.1.3.drv",
      "description": "Open source project to pack, ship and run any application as a lightweight container",
      "install_id": "docker",
      "license": "Apache-2.0",
      "locked_url": "https://github.com/flox/nixpkgs?rev=ffbc9f8cbaacfb331b6017d5a5abb21a492c9a38",
      "name": "docker-29.1.3",
      "pname": "docker",
      "rev": "ffbc9f8cbaacfb331b6017d5a5abb21a492c9a38",
      "rev_count": 925861,
      "rev_date": "2026-01-11T10:35:08Z",
      "scrape_date": "2026-01-12T03:33:35.138408Z",
      "stabilities": [
        "unstable"
      ],
      "unfree": false,
      "version": "29.1.3",
      "outputs_to_install": [
        "out"
      ],
      "outputs": {
        "out": "/nix/store/lsi19r3yy7pyainjmrw1zvhzsqizh44y-docker-29.1.3"
      },
      "system": "x86_64-linux",
      "group": "toplevel",
      "priority": 5
    },
    {
      "attr_path": "go",
      "broken": false,
      "derivation": "/nix/store/hgsy7836w5mmvbmfqq85ahvaijxp6hg5-go-1.25.5.drv",
      "description": "Go Programming language",
      "install_id": "go",
      "license": "BSD-3-Clause",
      "locked_url": "https://github.com/flox/nixpkgs?rev=ffbc9f8cbaacfb331b6017d5a5abb21a492c9a38",
      "name": "go-1.25.5",
      "pname": "go",
      "rev": "ffbc9f8cbaacfb331b6017d5a5abb21a492c9a38",
      "rev_count": 925861,
      "rev_date": "2026-01-11T10:35:08Z",
      "scrape_date": "2026-01-12T02:57:05.654157Z",
      "stabilities": [
        "unstable"
      ],
      "unfree": false,
      "version": "1.25.5",
      "outputs_to_install": [
        "out"
      ],
      "outputs": {
        "out": "/nix/store/fy2aq0rg6vbiyjfdpqy3429hqsan7iwm-go-1.25.5"
      },
      "system": "aarch64-darwin",
      "group": "toplevel",
      "priority": 5
    },
    {
      "attr_path": "go",
      "broken": false,
      "derivation": "/nix/store/szsqy070dn220802p3xz4qzayg21v51h-go-1.25.5.drv",
      "description": "Go Programming language",
      "install_id": "go",
      "license": "BSD-3-Clause",
      "locked_url": "https://github.com/flox/nixpkgs?rev=ffbc9f8cbaacfb331b6017d5a5abb21a492c9a38",
      "name": "go-1.25.5",
      "pname": "go",
      "rev": "ffbc9f8cbaacfb331b6017d5a5abb21a492c9a38",
      "rev_count": 925861,
      "rev_date": "2026-01-11T10:35:08Z",
      "scrape_date": "2026-01-12T03:13:09.145846Z",
      "stabilities": [
        "unstable"
      ],
      "unfree": false,
      "version": "1.25.5",
      "outputs_to_install": [
        "out"
      ],
      "outputs": {
        "out": "/nix/store/30d96229dgrh6n6bmd4hn9r1hcngj9bn-go-1.25.5"
      },
      "system": "aarch64-linux",
      "group": "toplevel",
      "priority": 5
    },
    {
      "attr_path": "go",
      "broken": false,
      "derivation": "/nix/store/h6nns7plcgc96n5d5fx6d3gaimdb5ji1-go-1.25.5.drv",
      "description": "Go Programming language",
      "install_id": "go",
      "license": "BSD-3-Clause",
      "locked_url": "https://github.com/flox/nixpkgs?rev=ffbc9f8cbaacfb331b6017d5a5abb21a492c9a38",
      "name": "go-1.25.5",
      "pname": "go",
      "rev": "ffbc9f8cbaacfb331b6017d5a5abb21a492c9a38",
      "rev_count": 925861,
      "rev_date": "2026-01-11T10:35:08Z",
      "scrape_date": "2026-01-12T03:23:41.380187Z",
      "stabilities": [
        "unstable"
      ],
      "unfree": false,
      "version": "1.25.5",
      "outputs_to_install": [
        "out"
      ],
      "outputs": {
        "out": "/nix/store/wzakp2xy6if4n2b4fb1fkdjwilwlpifk-go-1.25.5"
      },
      "system": "x86_64-darwin",
      "group": "toplevel",
      "priority": 5
    },
    {
      "attr_path": "go",
      "broken": false,
      "derivation": "/nix/store/zl4wd83m32ygpjcljdl5wqsn0fq9093j-go-1.25.5.drv",
      "description": "Go Programming language",
      "install_id": "go",
      "license": "BSD-3-Clause",
      "locked_url": "https://github.com/flox/nixpkgs?rev=ffbc9f8cbaacfb331b6017d5a5abb21a492c9a38",
      "name": "go-1.25.5",
      "pname": "go",
      "rev": "ffbc9f8cbaacfb331b6017d5a5abb21a492c9a38",
      "rev_count": 925861,
      "rev_date": "2026-01-11T10:35:08Z",
      "scrape_date": "2026-01-12T03:33:36.737943Z",
      "stabilities": [
        "unstable"
      ],
      "unfree": false,
      "version": "1.25.5",
      "outputs_to_install": [
        "out"
      ],
      "outputs": {
        "out": "/nix/store/60z37432vmgkg54krwr1z057bqwp7583-go-1.25.5"
      },
      "system": "x86_64-linux",
      "group": "toplevel",
      "priority": 5
    },
    {
      "attr_path": "gum",
      "broken": false,
      "derivation": "/nix/store/1zy3fsgkhrcb24yzi92pvcfjnmkfh7sw-gum-0.17.0.drv",
      "description": "Tasty Bubble Gum for your shell",
      "install_id": "gum",
      "license": "MIT",
      "locked_url": "https://github.com/flox/nixpkgs?rev=ffbc9f8cbaacfb331b6017d5a5abb21a492c9a38",
      "name": "gum-0.17.0",
      "pname": "gum",
      "rev": "ffbc9f8cbaacfb331b6017d5a5abb21a492c9a38",
      "rev_count": 925861,
      "rev_date": "2026-01-11T10:35:08Z",
      "scrape_date": "2026-01-12T02:57:05.852282Z",
      "stabilities": [
        "unstable"
      ],
      "unfree": false,
      "version": "0.17.0",
      "outputs_to_install": [
        "out"
      ],
      "outputs": {
        "out": "/nix/store/gx1mhqsn2gkl36vj9nvlcbqdgakfyfjh-gum-0.17.0"
      },
      "system": "aarch64-darwin",
      "group": "toplevel",
      "priority": 5
    },
    {
      "attr_path": "gum",
      "broken": false,
      "derivation": "/nix/store/0ilc18pj0n6rmjfw8qgs3v8crfv600qj-gum-0.17.0.drv",
      "description": "Tasty Bubble Gum for your shell",
      "install_id": "gum",
      "license": "MIT",
      "locked_url": "https://github.com/flox/nixpkgs?rev=ffbc9f8cbaacfb331b6017d5a5abb21a492c9a38",
      "name": "gum-0.17.0",
      "pname": "gum",
      "rev": "ffbc9f8cbaacfb331b6017d5a5abb21a492c9a38",
      "rev_count": 925861,
      "rev_date": "2026-01-11T10:35:08Z",
      "scrape_date": "2026-01-12T03:13:09.490097Z",
      "stabilities": [
        "unstable"
      ],
      "unfree": false,
      "version": "0.17.0",
      "outputs_to_install": [
        "out"
      ],
      "outputs": {
        "out": "/nix/store/km8b8hxkbbc01r80wamr61icrqnpb9ra-gum-0.17.0"
      },
      "system": "aarch64-linux",
      "group": "toplevel",
      "priority": 5
    },
    {
      "attr_path": "gum",
      "broken": false,
      "derivation": "/nix/store/f69dkyq1b0j3dd89i5mjj6f0izhi2a5w-gum-0.17.0.drv",
      "description": "Tasty Bubble Gum for your shell",
      "install_id": "gum",
      "license": "MIT",
      "locked_url": "https://github.com/flox/nixpkgs?rev=ffbc9f8cbaacfb331b6017d5a5abb21a492c9a38",
      "name": "gum-0.17.0",
      "pname": "gum",
      "rev": "ffbc9f8cbaacfb331b6017d5a5abb21a492c9a38",
      "rev_count": 925861,
      "rev_date": "2026-01-11T10:35:08Z",
      "scrape_date": "2026-01-12T03:23:41.584121Z",
      "stabilities": [
        "unstable"
      ],
      "unfree": false,
      "version": "0.17.0",
      "outputs_to_install": [
        "out"
      ],
      "outputs": {
        "out": "/nix/store/xwnx26y0zmikfdz7szfmlkimswyqrp92-gum-0.17.0"
      },
      "system": "x86_64-darwin",
      "group": "toplevel",
      "priority": 5
    },
    {
      "attr_path": "gum",
      "broken": false,
      "derivation": "/nix/store/aziv8z4gbgf10zxyhwagvmhim419kb3x-gum-0.17.0.drv",
      "description": "Tasty Bubble Gum for your shell",
      "install_id": "gum",
      "license": "MIT",
      "locked_url": "https://github.com/flox/nixpkgs?rev=ffbc9f8cbaacfb331b6017d5a5abb21a492c9a38",
      "name": "gum-0.17.0",
      "pname": "gum",
      "rev": "ffbc9f8cbaacfb331b6017d5a5abb21a492c9a38",
      "rev_count": 925861,
      "rev_date": "2026-01-11T10:35:08Z",
      "scrape_date": "2026-01-12T03:33:37.114093Z",
      "stabilities": [
        "unstable"
      ],
      "unfree": false,
      "version": "0.17.0",
      "outputs_to_install": [
        "out"
      ],
      "outputs": {
        "out": "/nix/store/ppakdx7303zppgivbdbp5zjck3iz6g7z-gum-0.17.0"
      },
      "system": "x86_64-linux",
      "group": "toplevel",
      "priority": 5
    },
    {
      "attr_path": "k9s",
      "broken": false,
      "derivation": "/nix/store/2m5hcn7094h5mihrajm9lssq1c0b273r-k9s-0.50.16.drv",
      "description": "Kubernetes CLI To Manage Your Clusters In Style",
      "install_id": "k9s",
      "license": "Apache-2.0",
      "locked_url": "https://github.com/flox/nixpkgs?rev=ffbc9f8cbaacfb331b6017d5a5abb21a492c9a38",
      "name": "k9s-0.50.16",
      "pname": "k9s",
      "rev": "ffbc9f8cbaacfb331b6017d5a5abb21a492c9a38",
      "rev_count": 925861,
      "rev_date": "2026-01-11T10:35:08Z",
      "scrape_date": "2026-01-12T02:57:20.414597Z",
      "stabilities": [
        "unstable"
      ],
      "unfree": false,
      "version": "0.50.16",
      "outputs_to_install": [
        "out"
      ],
      "outputs": {
        "out": "/nix/store/99w31042d2081s2fz1lck3y992bcd48g-k9s-0.50.16"
      },
      "system": "aarch64-darwin",
      "group": "toplevel",
      "priority": 5
    },
    {
      "attr_path": "k9s",
      "broken": false,
      "derivation": "/nix/store/k48k17fsr94h7rafavlsldjfl3qk2vbg-k9s-0.50.16.drv",
      "description": "Kubernetes CLI To Manage Your Clusters In Style",
      "install_id": "k9s",
      "license": "Apache-2.0",
      "locked_url": "https://github.com/flox/nixpkgs?rev=ffbc9f8cbaacfb331b6017d5a5abb21a492c9a38",
      "name": "k9s-0.50.16",
      "pname": "k9s",
      "rev": "ffbc9f8cbaacfb331b6017d5a5abb21a492c9a38",
      "rev_count": 925861,
      "rev_date": "2026-01-11T10:35:08Z",
      "scrape_date": "2026-01-12T03:13:28.453804Z",
      "stabilities": [
        "unstable"
      ],
      "unfree": false,
      "version": "0.50.16",
      "outputs_to_install": [
        "out"
      ],
      "outputs": {
        "out": "/nix/store/ym4bav3c292mka7s3dccp70ppdrysnbc-k9s-0.50.16"
      },
      "system": "aarch64-linux",
      "group": "toplevel",
      "priority": 5
    },
    {
      "attr_path": "k9s",
      "broken": false,
      "derivation": "/nix/store/gi9hy50ssr4f1ifj2d67vgbxz8zzz32j-k9s-0.50.16.drv",
      "description": "Kubernetes CLI To Manage Your Clusters In Style",
      "install_id": "k9s",
      "license": "Apache-2.0",
      "locked_url": "https://github.com/flox/nixpkgs?rev=ffbc9f8cbaacfb331b6017d5a5abb21a492c9a38",
      "name": "k9s-0.50.16",
      "pname": "k9s",
      "rev": "ffbc9f8cbaacfb331b6017d5a5abb21a492c9a38",
      "rev_count": 925861,
      "rev_date": "2026-01-11T10:35:08Z",
      "scrape_date": "2026-01-12T03:23:55.848389Z",
      "stabilities": [
        "unstable"
      ],
      "unfree": false,
      "version": "0.50.16",
      "outputs_to_install": [
        "out"
      ],
      "outputs": {
        "out": "/nix/store/igs3vd6ly08ih4f42p2j68kmssq17nsp-k9s-0.50.16"
      },
      "system": "x86_64-darwin",
      "group": "toplevel",
      "priority": 5
    },
    {
      "attr_path": "k9s",
      "broken": false,
      "derivation": "/nix/store/rda69l7llyyrzlka1n595775j8dfq0ly-k9s-0.50.16.drv",
      "description": "Kubernetes CLI To Manage Your Clusters In Style",
      "install_id": "k9s",
      "license": "Apache-2.0",
      "locked_url": "https://github.com/flox/nixpkgs?rev=ffbc9f8cbaacfb331b6017d5a5abb21a492c9a38",
      "name": "k9s-0.50.16",
      "pname": "k9s",
      "rev": "ffbc9f8cbaacfb331b6017d5a5abb21a492c9a38",
      "rev_count": 925861,
      "rev_date": "2026-01-11T10:35:08Z",
      "scrape_date": "2026-01-12T03:33:57.166936Z",
      "stabilities": [
        "unstable"
      ],
      "unfree": false,
      "version": "0.50.16",
      "outputs_to_install": [
        "out"
      ],
      "outputs": {
        "out": "/nix/store/ri6kgr521a3jdfs88zinpbpim9vp3740-k9s-0.50.16"
      },
      "system": "x86_64-linux",
      "group": "toplevel",
      "priority": 5
    },
    {
      "attr_path": "kind",
      "broken": false,
      "derivation": "/nix/store/zjqjksxb3p89ams4n6wfxmawv56gg5wj-kind-0.31.0.drv",
      "description": "Kubernetes IN Docker - local clusters for testing Kubernetes",
      "install_id": "kind",
      "license": "Apache-2.0",
      "locked_url": "https://github.com/flox/nixpkgs?rev=ffbc9f8cbaacfb331b6017d5a5abb21a492c9a38",
      "name": "kind-0.31.0",
      "pname": "kind",
      "rev": "ffbc9f8cbaacfb331b6017d5a5abb21a492c9a38",
      "rev_count": 925861,
      "rev_date": "2026-01-11T10:35:08Z",
      "scrape_date": "2026-01-12T02:57:20.724382Z",
      "stabilities": [
        "unstable"
      ],
      "unfree": false,
      "version": "0.31.0",
      "outputs_to_install": [
        "out"
      ],
      "outputs": {
        "out": "/nix/store/mbw6acfg9zwlchqmij7gd4g0sfxh61g0-kind-0.31.0"
      },
      "system": "aarch64-darwin",
      "group": "toplevel",
      "priority": 5
    },
    {
      "attr_path": "kind",
      "broken": false,
      "derivation": "/nix/store/kwymp0bdd9vxk9wyshzi7fnrpxjsnwpn-kind-0.31.0.drv",
      "description": "Kubernetes IN Docker - local clusters for testing Kubernetes",
      "install_id": "kind",
      "license": "Apache-2.0",
      "locked_url": "https://github.com/flox/nixpkgs?rev=ffbc9f8cbaacfb331b6017d5a5abb21a492c9a38",
      "name": "kind-0.31.0",
      "pname": "kind",
      "rev": "ffbc9f8cbaacfb331b6017d5a5abb21a492c9a38",
      "rev_count": 925861,
      "rev_date": "2026-01-11T10:35:08Z",
      "scrape_date": "2026-01-12T03:13:29.492118Z",
      "stabilities": [
        "unstable"
      ],
      "unfree": false,
      "version": "0.31.0",
      "outputs_to_install": [
        "out"
      ],
      "outputs": {
        "out": "/nix/store/3ayz1zmgwlkakdgz15isc826lhirpl0w-kind-0.31.0"
      },
      "system": "aarch64-linux",
      "group": "toplevel",
      "priority": 5
    },
    {
      "attr_path": "kind",
      "broken": false,
      "derivation": "/nix/store/psqy7lynvbx9kvc6krz8dr7ilzpg6xwi-kind-0.31.0.drv",
      "description": "Kubernetes IN Docker - local clusters for testing Kubernetes",
      "install_id": "kind",
      "license": "Apache-2.0",
      "locked_url": "https://github.com/flox/nixpkgs?rev=ffbc9f8cbaacfb331b6017d5a5abb21a492c9a38",
      "name": "kind-0.31.0",
      "pname": "kind",
      "rev": "ffbc9f8cbaacfb331b6017d5a5abb21a492c9a38",
      "rev_count": 925861,
      "rev_date": "2026-01-11T10:35:08Z",
      "scrape_date": "2026-01-12T03:23:56.150040Z",
      "stabilities": [
        "unstable"
      ],
      "unfree": false,
      "version": "0.31.0",
      "outputs_to_install": [
        "out"
      ],
      "outputs": {
        "out": "/nix/store/wq2qfwvnrkfb39np762bc90y40lqs6hj-kind-0.31.0"
      },
      "system": "x86_64-darwin",
      "group": "toplevel",
      "priority": 5
    },
    {
      "attr_path": "kind",
      "broken": false,
      "derivation": "/nix/store/8gzx9xzgxx3hhwr1dyg7p7kwwhjlpcpq-kind-0.31.0.drv",
      "description": "Kubernetes IN Docker - local clusters for testing Kubernetes",
      "install_id": "kind",
      "license": "Apache-2.0",
      "locked_url": "https://github.com/flox/nixpkgs?rev=ffbc9f8cbaacfb331b6017d5a5abb21a492c9a38",
      "name": "kind-0.31.0",
      "pname": "kind",
      "rev": "ffbc9f8cbaacfb331b6017d5a5abb21a492c9a38",
      "rev_count": 925861,
      "rev_date": "2026-01-11T10:35:08Z",
      "scrape_date": "2026-01-12T03:33:58.359680Z",
      "stabilities": [
        "unstable"
      ],
      "unfree": false,
      "version": "0.31.0",
      "outputs_to_install": [
        "out"
      ],
      "outputs": {
        "out": "/nix/store/bwjsrl5n0lzl8d3308z1qzy5bgh9rsbh-kind-0.31.0"
      },
      "system": "x86_64-linux",
      "group": "toplevel",
      "priority": 5
    },
    {
      "attr_path": "kubebuilder",
      "broken": false,
      "derivation": "/nix/store/js73w0bprvw9bifvvfg5g3j9licrwrb0-kubebuilder-4.10.1.drv",
      "description": "SDK for building Kubernetes APIs using CRDs",
      "install_id": "kubebuilder",
      "license": "Apache-2.0",
      "locked_url": "https://github.com/flox/nixpkgs?rev=ffbc9f8cbaacfb331b6017d5a5abb21a492c9a38",
      "name": "kubebuilder-4.10.1",
      "pname": "kubebuilder",
      "rev": "ffbc9f8cbaacfb331b6017d5a5abb21a492c9a38",
      "rev_count": 925861,
      "rev_date": "2026-01-11T10:35:08Z",
      "scrape_date": "2026-01-12T02:57:20.941360Z",
      "stabilities": [
        "unstable"
      ],
      "unfree": false,
      "version": "4.10.1",
      "outputs_to_install": [
        "out"
      ],
      "outputs": {
        "out": "/nix/store/rlizksyz9d6cx5npszhndwbxxgdpxyd1-kubebuilder-4.10.1"
      },
      "system": "aarch64-darwin",
      "group": "toplevel",
      "priority": 5
    },
    {
      "attr_path": "kubebuilder",
      "broken": false,
      "derivation": "/nix/store/nplbggxsmqssh1flhvzv3bzck1qas2mq-kubebuilder-4.10.1.drv",
      "description": "SDK for building Kubernetes APIs using CRDs",
      "install_id": "kubebuilder",
      "license": "Apache-2.0",
      "locked_url": "https://github.com/flox/nixpkgs?rev=ffbc9f8cbaacfb331b6017d5a5abb21a492c9a38",
      "name": "kubebuilder-4.10.1",
      "pname": "kubebuilder",
      "rev": "ffbc9f8cbaacfb331b6017d5a5abb21a492c9a38",
      "rev_count": 925861,
      "rev_date": "2026-01-11T10:35:08Z",
      "scrape_date": "2026-01-12T03:13:29.892092Z",
      "stabilities": [
        "unstable"
      ],
      "unfree": false,
      "version": "4.10.1",
      "outputs_to_install": [
        "out"
      ],
      "outputs": {
        "out": "/nix/store/0dgj28yccs274wqj31if6c2p0m7j9mbh-kubebuilder-4.10.1"
      },
      "system": "aarch64-linux",
      "group": "toplevel",
      "priority": 5
    },
    {
      "attr_path": "kubebuilder",
      "broken": false,
      "derivation": "/nix/store/xxfnpns7hr457zlpqgwaz84apynd0705-kubebuilder-4.10.1.drv",
      "description": "SDK for building Kubernetes APIs using CRDs",
      "install_id": "kubebuilder",
      "license": "Apache-2.0",
      "locked_url": "https://github.com/flox/nixpkgs?rev=ffbc9f8cbaacfb331b6017d5a5abb21a492c9a38",
      "name": "kubebuilder-4.10.1",
      "pname": "kubebuilder",
      "rev": "ffbc9f8cbaacfb331b6017d5a5abb21a492c9a38",
      "rev_count": 925861,
      "rev_date": "2026-01-11T10:35:08Z",
      "scrape_date": "2026-01-12T03:23:56.367659Z",
      "stabilities": [
        "unstable"
      ],
      "unfree": false,
      "version": "4.10.1",
      "outputs_to_install": [
        "out"
      ],
      "outputs": {
        "out": "/nix/store/4c5b1lnsrqibbc8spxzrymw87945160p-kubebuilder-4.10.1"
      },
      "system": "x86_64-darwin",
      "group": "toplevel",
      "priority": 5
    },
    {
      "attr_path": "kubebuilder",
      "broken": false,
      "derivation": "/nix/store/k8mzm0x3sfpa6pvz0i5vad427damn5zb-kubebuilder-4.10.1.drv",
      "description": "SDK for building Kubernetes APIs using CRDs",
      "install_id": "kubebuilder",
      "license": "Apache-2.0",
      "locked_url": "https://github.com/flox/nixpkgs?rev=ffbc9f8cbaacfb331b6017d5a5abb21a492c9a38",
      "name": "kubebuilder-4.10.1",
      "pname": "kubebuilder",
      "rev": "ffbc9f8cbaacfb331b6017d5a5abb21a492c9a38",
      "rev_count": 925861,
      "rev_date": "2026-01-11T10:35:08Z",
      "scrape_date": "2026-01-12T03:33:58.813404Z",
      "stabilities": [
        "unstable"
      ],
      "unfree": false,
      "version": "4.10.1",
      "outputs_to_install": [
        "out"
      ],
      "outputs": {
        "out": "/nix/store/y6rsxy08v75yz5xba8x36iqipypy1zi7-kubebuilder-4.10.1"
      },
      "system": "x86_64-linux",
      "group": "toplevel",
      "priority": 5
    },
    {
      "attr_path": "kubectl",
      "broken": false,
      "derivation": "/nix/store/8bsq5ck47qryz73f3rnzp6vw3r3ky92f-kubectl-1.35.0.drv",
      "description": "Kubernetes CLI",
      "install_id": "kubectl",
      "license": "Apache-2.0",
      "locked_url": "https://github.com/flox/nixpkgs?rev=ffbc9f8cbaacfb331b6017d5a5abb21a492c9a38",
      "name": "kubectl-1.35.0",
      "pname": "kubectl",
      "rev": "ffbc9f8cbaacfb331b6017d5a5abb21a492c9a38",
      "rev_count": 925861,
      "rev_date": "2026-01-11T10:35:08Z",
      "scrape_date": "2026-01-12T02:57:20.948107Z",
      "stabilities": [
        "unstable"
      ],
      "unfree": false,
      "version": "1.35.0",
      "outputs_to_install": [
        "man",
        "out"
      ],
      "outputs": {
        "convert": "/nix/store/z72fbf5mxilrrlsfvdacxbw27k0gszdf-kubectl-1.35.0-convert",
        "man": "/nix/store/hh6nircg2v5iickmqfyx469f69rj0kag-kubectl-1.35.0-man",
        "out": "/nix/store/1pmn1vxfffzz5mxj3h0ijzpsynq50l5g-kubectl-1.35.0"
      },
      "system": "aarch64-darwin",
      "group": "toplevel",
      "priority": 5
    },
    {
      "attr_path": "kubectl",
      "broken": false,
      "derivation": "/nix/store/lzxypsycvjjyb3ycxvazspmd04spm81v-kubectl-1.35.0.drv",
      "description": "Kubernetes CLI",
      "install_id": "kubectl",
      "license": "Apache-2.0",
      "locked_url": "https://github.com/flox/nixpkgs?rev=ffbc9f8cbaacfb331b6017d5a5abb21a492c9a38",
      "name": "kubectl-1.35.0",
      "pname": "kubectl",
      "rev": "ffbc9f8cbaacfb331b6017d5a5abb21a492c9a38",
      "rev_count": 925861,
      "rev_date": "2026-01-11T10:35:08Z",
      "scrape_date": "2026-01-12T03:13:29.900177Z",
      "stabilities": [
        "unstable"
      ],
      "unfree": false,
      "version": "1.35.0",
      "outputs_to_install": [
        "man",
        "out"
      ],
      "outputs": {
        "convert": "/nix/store/dv5kh8sv8q3kkzcw4lnbkknm2pzxv5ig-kubectl-1.35.0-convert",
        "man": "/nix/store/hawgdz85f9qq9nalyq4nbrjbjw1f3356-kubectl-1.35.0-man",
        "out": "/nix/store/fj8rhz380v89c3mq3br9ipislabppj4c-kubectl-1.35.0"
      },
      "system": "aarch64-linux",
      "group": "toplevel",
      "priority": 5
    },
    {
      "attr_path": "kubectl",
      "broken": false,
      "derivation": "/nix/store/9wny5jvkvz1l3wvgl437dy20rf3qwgkw-kubectl-1.35.0.drv",
      "description": "Kubernetes CLI",
      "install_id": "kubectl",
      "license": "Apache-2.0",
      "locked_url": "https://github.com/flox/nixpkgs?rev=ffbc9f8cbaacfb331b6017d5a5abb21a492c9a38",
      "name": "kubectl-1.35.0",
      "pname": "kubectl",
      "rev": "ffbc9f8cbaacfb331b6017d5a5abb21a492c9a38",
      "rev_count": 925861,
      "rev_date": "2026-01-11T10:35:08Z",
      "scrape_date": "2026-01-12T03:23:56.374426Z",
      "stabilities": [
        "unstable"
      ],
      "unfree": false,
      "version": "1.35.0",
      "outputs_to_install": [
        "man",
        "out"
      ],
      "outputs": {
        "convert": "/nix/store/5r5vrq35nbcp8wgflvwmigvr6iqx85n5-kubectl-1.35.0-convert",
        "man": "/nix/store/za9ay0cna5hcqqmdk0flwinkd882997n-kubectl-1.35.0-man",
        "out": "/nix/store/d3gm9hvgbdhin2jh7nd8gwrf90jlmsw7-kubectl-1.35.0"
      },
      "system": "x86_64-darwin",
      "group": "toplevel",
      "priority": 5
    },
    {
      "attr_path": "kubectl",
      "broken": false,
      "derivation": "/nix/store/7l0l35ccwn53z2hr8f92s6lqf7s5w3rr-kubectl-1.35.0.drv",
      "description": "Kubernetes CLI",
      "install_id": "kubectl",
      "license": "Apache-2.0",
      "locked_url": "https://github.com/flox/nixpkgs?rev=ffbc9f8cbaacfb331b6017d5a5abb21a492c9a38",
      "name": "kubectl-1.35.0",
      "pname": "kubectl",
      "rev": "ffbc9f8cbaacfb331b6017d5a5abb21a492c9a38",
      "rev_count": 925861,
      "rev_date": "2026-01-11T10:35:08Z",
      "scrape_date": "2026-01-12T03:33:58.822204Z",
      "stabilities": [
        "unstable"
      ],
      "unfree": false,
      "version": "1.35.0",
      "outputs_to_install": [
        "man",
        "out"
      ],
      "outputs": {
        "convert": "/nix/store/c88x5qq16ih9i7iv4zyx81w2zijqzmlf-kubectl-1.35.0-convert",
        "man": "/nix/store/mnm7km6ik2x0pfhnylfm06vgxqvc78k0-kubectl-1.35.0-man",
        "out": "/nix/store/bbnq3nrmlhq0yjfhw84ciscpbr6hsb3b-kubectl-1.35.0"
      },
      "system": "x86_64-linux",
      "group": "toplevel",
      "priority": 5
    },
    {
      "attr_path": "kubectx",
      "broken": false,
      "derivation": "/nix/store/s6p93pppzpcc8jl5bhz6vmls6pwqpd34-kubectx-0.9.5.drv",
      "description": "Fast way to switch between clusters and namespaces in kubectl",
      "install_id": "kubectx",
      "license": "Apache-2.0",
      "locked_url": "https://github.com/flox/nixpkgs?rev=ffbc9f8cbaacfb331b6017d5a5abb21a492c9a38",
      "name": "kubectx-0.9.5",
      "pname": "kubectx",
      "rev": "ffbc9f8cbaacfb331b6017d5a5abb21a492c9a38",
      "rev_count": 925861,
      "rev_date": "2026-01-11T10:35:08Z",
      "scrape_date": "2026-01-12T02:57:20.973964Z",
      "stabilities": [
        "unstable"
      ],
      "unfree": false,
      "version": "0.9.5",
      "outputs_to_install": [
        "out"
      ],
      "outputs": {
        "out": "/nix/store/rswzwxmz4mjcgnnl1gx4wahhy6v5f2h0-kubectx-0.9.5"
      },
      "system": "aarch64-darwin",
      "group": "toplevel",
      "priority": 5
    },
    {
      "attr_path": "kubectx",
      "broken": false,
      "derivation": "/nix/store/jnffhycqvimzv4vsarf3b7p2kahfs20x-kubectx-0.9.5.drv",
      "description": "Fast way to switch between clusters and namespaces in kubectl",
      "install_id": "kubectx",
      "license": "Apache-2.0",
      "locked_url": "https://github.com/flox/nixpkgs?rev=ffbc9f8cbaacfb331b6017d5a5abb21a492c9a38",
      "name": "kubectx-0.9.5",
      "pname": "kubectx",
      "rev": "ffbc9f8cbaacfb331b6017d5a5abb21a492c9a38",
      "rev_count": 925861,
      "rev_date": "2026-01-11T10:35:08Z",
      "scrape_date": "2026-01-12T03:13:29.930864Z",
      "stabilities": [
        "unstable"
      ],
      "unfree": false,
      "version": "0.9.5",
      "outputs_to_install": [
        "out"
      ],
      "outputs": {
        "out": "/nix/store/dczil2qyhh8byqkj9hybly6kcwfkkzx5-kubectx-0.9.5"
      },
      "system": "aarch64-linux",
      "group": "toplevel",
      "priority": 5
    },
    {
      "attr_path": "kubectx",
      "broken": false,
      "derivation": "/nix/store/daakayq1pzcfhg4f7c16akhdyj7q3l8b-kubectx-0.9.5.drv",
      "description": "Fast way to switch between clusters and namespaces in kubectl",
      "install_id": "kubectx",
      "license": "Apache-2.0",
      "locked_url": "https://github.com/flox/nixpkgs?rev=ffbc9f8cbaacfb331b6017d5a5abb21a492c9a38",
      "name": "kubectx-0.9.5",
      "pname": "kubectx",
      "rev": "ffbc9f8cbaacfb331b6017d5a5abb21a492c9a38",
      "rev_count": 925861,
      "rev_date": "2026-01-11T10:35:08Z",
      "scrape_date": "2026-01-12T03:23:56.400290Z",
      "stabilities": [
        "unstable"
      ],
      "unfree": false,
      "version": "0.9.5",
      "outputs_to_install": [
        "out"
      ],
      "outputs": {
        "out": "/nix/store/7hhmv3vxlpi1ffl3l5psmq1mw633v1q1-kubectx-0.9.5"
      },
      "system": "x86_64-darwin",
      "group": "toplevel",
      "priority": 5
    },
    {
      "attr_path": "kubectx",
      "broken": false,
      "derivation": "/nix/store/8p6bys4705nrfgmy685vww5yj5n8z9vl-kubectx-0.9.5.drv",
      "description": "Fast way to switch between clusters and namespaces in kubectl",
      "install_id": "kubectx",
      "license": "Apache-2.0",
      "locked_url": "https://github.com/flox/nixpkgs?rev=ffbc9f8cbaacfb331b6017d5a5abb21a492c9a38",
      "name": "kubectx-0.9.5",
      "pname": "kubectx",
      "rev": "ffbc9f8cbaacfb331b6017d5a5abb21a492c9a38",
      "rev_count": 925861,
      "rev_date": "2026-01-11T10:35:08Z",
      "scrape_date": "2026-01-12T03:33:58.856416Z",
      "stabilities": [
        "unstable"
      ],
      "unfree": false,
      "version": "0.9.5",
      "outputs_to_install": [
        "out"
      ],
      "outputs": {
        "out": "/nix/store/xsg88zhwaxrsg8gd8h9dbnwi512bpy6d-kubectx-0.9.5"
      },
      "system": "x86_64-linux",
      "group": "toplevel",
      "priority": 5
    },
    {
      "attr_path": "kubefwd",
      "broken": false,
      "derivation": "/nix/store/18aqlvvbkjg1p5f92g581xrd0kyj7iy1-kubefwd-1.22.5.drv",
      "description": "Bulk port forwarding Kubernetes services for local development",
      "install_id": "kubefwd",
      "license": "Apache-2.0",
      "locked_url": "https://github.com/flox/nixpkgs?rev=ffbc9f8cbaacfb331b6017d5a5abb21a492c9a38",
      "name": "kubefwd-1.22.5",
      "pname": "kubefwd",
      "rev": "ffbc9f8cbaacfb331b6017d5a5abb21a492c9a38",
      "rev_count": 925861,
      "rev_date": "2026-01-11T10:35:08Z",
      "scrape_date": "2026-01-12T02:57:20.980625Z",
      "stabilities": [
        "unstable"
      ],
      "unfree": false,
      "version": "1.22.5",
      "outputs_to_install": [
        "out"
      ],
      "outputs": {
        "out": "/nix/store/imqrbb97dal9jxcd61acpynlhjbh9360-kubefwd-1.22.5"
      },
      "system": "aarch64-darwin",
      "group": "toplevel",
      "priority": 5
    },
    {
      "attr_path": "kubefwd",
      "broken": false,
      "derivation": "/nix/store/kf94xrvws32bbnmzndlqabl466y400f0-kubefwd-1.22.5.drv",
      "description": "Bulk port forwarding Kubernetes services for local development",
      "install_id": "kubefwd",
      "license": "Apache-2.0",
      "locked_url": "https://github.com/flox/nixpkgs?rev=ffbc9f8cbaacfb331b6017d5a5abb21a492c9a38",
      "name": "kubefwd-1.22.5",
      "pname": "kubefwd",
      "rev": "ffbc9f8cbaacfb331b6017d5a5abb21a492c9a38",
      "rev_count": 925861,
      "rev_date": "2026-01-11T10:35:08Z",
      "scrape_date": "2026-01-12T03:13:29.938810Z",
      "stabilities": [
        "unstable"
      ],
      "unfree": false,
      "version": "1.22.5",
      "outputs_to_install": [
        "out"
      ],
      "outputs": {
        "out": "/nix/store/8d3l9kqbnxyhqbhilx2hd489mbqy70zp-kubefwd-1.22.5"
      },
      "system": "aarch64-linux",
      "group": "toplevel",
      "priority": 5
    },
    {
      "attr_path": "kubefwd",
      "broken": false,
      "derivation": "/nix/store/nh5b0rf5147dpizbhdncdvhnfb0grapw-kubefwd-1.22.5.drv",
      "description": "Bulk port forwarding Kubernetes services for local development",
      "install_id": "kubefwd",
      "license": "Apache-2.0",
      "locked_url": "https://github.com/flox/nixpkgs?rev=ffbc9f8cbaacfb331b6017d5a5abb21a492c9a38",
      "name": "kubefwd-1.22.5",
      "pname": "kubefwd",
      "rev": "ffbc9f8cbaacfb331b6017d5a5abb21a492c9a38",
      "rev_count": 925861,
      "rev_date": "2026-01-11T10:35:08Z",
      "scrape_date": "2026-01-12T03:23:56.406884Z",
      "stabilities": [
        "unstable"
      ],
      "unfree": false,
      "version": "1.22.5",
      "outputs_to_install": [
        "out"
      ],
      "outputs": {
        "out": "/nix/store/ql4hl41zkyyc4wpa55472vwwlhwfqzf9-kubefwd-1.22.5"
      },
      "system": "x86_64-darwin",
      "group": "toplevel",
      "priority": 5
    },
    {
      "attr_path": "kubefwd",
      "broken": false,
      "derivation": "/nix/store/axf767z7ipqr20y9i7zgbdv17vrqkrlw-kubefwd-1.22.5.drv",
      "description": "Bulk port forwarding Kubernetes services for local development",
      "install_id": "kubefwd",
      "license": "Apache-2.0",
      "locked_url": "https://github.com/flox/nixpkgs?rev=ffbc9f8cbaacfb331b6017d5a5abb21a492c9a38",
      "name": "kubefwd-1.22.5",
      "pname": "kubefwd",
      "rev": "ffbc9f8cbaacfb331b6017d5a5abb21a492c9a38",
      "rev_count": 925861,
      "rev_date": "2026-01-11T10:35:08Z",
      "scrape_date": "2026-01-12T03:33:58.865228Z",
      "stabilities": [
        "unstable"
      ],
      "unfree": false,
      "version": "1.22.5",
      "outputs_to_install": [
        "out"
      ],
      "outputs": {
        "out": "/nix/store/2z696pn0mzvv6084l69n4v55ab9r7n8z-kubefwd-1.22.5"
      },
      "system": "x86_64-linux",
      "group": "toplevel",
      "priority": 5
    },
    {
      "attr_path": "kubernetes-helm",
      "broken": false,
      "derivation": "/nix/store/n6gbsy135hf21a4fqdb9lw720kwh4zmi-kubernetes-helm-3.19.1.drv",
      "description": "Package manager for kubernetes",
      "install_id": "kubernetes-helm",
      "license": "Apache-2.0",
      "locked_url": "https://github.com/flox/nixpkgs?rev=ffbc9f8cbaacfb331b6017d5a5abb21a492c9a38",
      "name": "kubernetes-helm-3.19.1",
      "pname": "kubernetes-helm",
      "rev": "ffbc9f8cbaacfb331b6017d5a5abb21a492c9a38",
      "rev_count": 925861,
      "rev_date": "2026-01-11T10:35:08Z",
      "scrape_date": "2026-01-12T02:57:20.993836Z",
      "stabilities": [
        "unstable"
      ],
      "unfree": false,
      "version": "3.19.1",
      "outputs_to_install": [
        "out"
      ],
      "outputs": {
        "out": "/nix/store/8p5hwk87jkd26w6lmj7ma0f5qdi9i7fb-kubernetes-helm-3.19.1"
      },
      "system": "aarch64-darwin",
      "group": "toplevel",
      "priority": 5
    },
    {
      "attr_path": "kubernetes-helm",
      "broken": false,
      "derivation": "/nix/store/nw187yv6f08y9834wjfa42dg4xk2hfvh-kubernetes-helm-3.19.1.drv",
      "description": "Package manager for kubernetes",
      "install_id": "kubernetes-helm",
      "license": "Apache-2.0",
      "locked_url": "https://github.com/flox/nixpkgs?rev=ffbc9f8cbaacfb331b6017d5a5abb21a492c9a38",
      "name": "kubernetes-helm-3.19.1",
      "pname": "kubernetes-helm",
      "rev": "ffbc9f8cbaacfb331b6017d5a5abb21a492c9a38",
      "rev_count": 925861,
      "rev_date": "2026-01-11T10:35:08Z",
      "scrape_date": "2026-01-12T03:13:29.956342Z",
      "stabilities": [
        "unstable"
      ],
      "unfree": false,
      "version": "3.19.1",
      "outputs_to_install": [
        "out"
      ],
      "outputs": {
        "out": "/nix/store/z773dqh5w017a1c6jhzlqcnq6ivwwjz9-kubernetes-helm-3.19.1"
      },
      "system": "aarch64-linux",
      "group": "toplevel",
      "priority": 5
    },
    {
      "attr_path": "kubernetes-helm",
      "broken": false,
      "derivation": "/nix/store/i5fxb02la7p3rdki3iv35077h4drcn4r-kubernetes-helm-3.19.1.drv",
      "description": "Package manager for kubernetes",
      "install_id": "kubernetes-helm",
      "license": "Apache-2.0",
      "locked_url": "https://github.com/flox/nixpkgs?rev=ffbc9f8cbaacfb331b6017d5a5abb21a492c9a38",
      "name": "kubernetes-helm-3.19.1",
      "pname": "kubernetes-helm",
      "rev": "ffbc9f8cbaacfb331b6017d5a5abb21a492c9a38",
      "rev_count": 925861,
      "rev_date": "2026-01-11T10:35:08Z",
      "scrape_date": "2026-01-12T03:23:56.420225Z",
      "stabilities": [
        "unstable"
      ],
      "unfree": false,
      "version": "3.19.1",
      "outputs_to_install": [
        "out"
      ],
      "outputs": {
        "out": "/nix/store/m5wzcpj7yfdkv9za53d2hv81m3zxy745-kubernetes-helm-3.19.1"
      },
      "system": "x86_64-darwin",
      "group": "toplevel",
      "priority": 5
    },
    {
      "attr_path": "kubernetes-helm",
      "broken": false,
      "derivation": "/nix/store/kkc4ww50p7c2vvn2xh49dkl0p23pc4ys-kubernetes-helm-3.19.1.drv",
      "description": "Package manager for kubernetes",
      "install_id": "kubernetes-helm",
      "license": "Apache-2.0",
      "locked_url": "https://github.com/flox/nixpkgs?rev=ffbc9f8cbaacfb331b6017d5a5abb21a492c9a38",
      "name": "kubernetes-helm-3.19.1",
      "pname": "kubernetes-helm",
      "rev": "ffbc9f8cbaacfb331b6017d5a5abb21a492c9a38",
      "rev_count": 925861,
      "rev_date": "2026-01-11T10:35:08Z",
      "scrape_date": "2026-01-12T03:33:58.884369Z",
      "stabilities": [
        "unstable"
      ],
      "unfree": false,
      "version": "3.19.1",
      "outputs_to_install": [
        "out"
      ],
      "outputs": {
        "out": "/nix/store/rv448bzmz78z9vqvgy92428ybjp0nxzi-kubernetes-helm-3.19.1"
      },
      "system": "x86_64-linux",
      "group": "toplevel",
      "priority": 5
    }
  ]
}